{
  "version": 4,
  "terraform_version": "1.9.2",
  "serial": 16,
  "lineage": "529da14f-acf8-cb37-55a2-94eb8ab87706",
  "outputs": {},
  "resources": [
    {
      "mode": "data",
      "type": "archive_file",
      "name": "lambda",
      "provider": "provider[\"registry.terraform.io/hashicorp/archive\"]",
      "instances": [
        {
          "schema_version": 0,
          "attributes": {
            "exclude_symlink_directories": null,
            "excludes": null,
            "id": "3bf80f730ad52ce63d008d29f7d57cfa055fa6c1",
            "output_base64sha256": "mJoDsF9Fg54wKrIKwYXeL0U6rVk649JAB/eCgKPLitA=",
            "output_base64sha512": "nknNOvxZNLj8nHAX3R7GH0eK/58o7VgpWsj8fShtga3Zi0yZFJYw4DS7UtLsNeDOTf/rbVyBv/0NDi3InAB6lQ==",
            "output_file_mode": "0666",
            "output_md5": "dfa311fbfb91878a25a7ba72a621605e",
            "output_path": "./ssm_backup.zip",
            "output_sha": "3bf80f730ad52ce63d008d29f7d57cfa055fa6c1",
            "output_sha256": "989a03b05f45839e302ab20ac185de2f453aad593ae3d24007f78280a3cb8ad0",
            "output_sha512": "9e49cd3afc5934b8fc9c7017dd1ec61f478aff9f28ed58295ac8fc7d286d81add98b4c99149630e034bb52d2ec35e0ce4dffeb6d5c81bffd0d0e2dc89c007a95",
            "output_size": 14344837,
            "source": [],
            "source_content": null,
            "source_content_filename": null,
            "source_dir": "./function/",
            "source_file": null,
            "type": "zip"
          },
          "sensitive_attributes": []
        }
      ]
    },
    {
      "mode": "data",
      "type": "aws_kms_key",
      "name": "s3",
      "provider": "provider[\"registry.terraform.io/hashicorp/aws\"]",
      "instances": [
        {
          "schema_version": 0,
          "attributes": {
            "arn": "arn:aws:kms:us-east-1:905418088230:key/c1f82d5b-bcfb-44a7-936d-e97feab6d698",
            "aws_account_id": "905418088230",
            "cloud_hsm_cluster_id": "",
            "creation_date": "2024-07-24T07:36:47Z",
            "custom_key_store_id": "",
            "customer_master_key_spec": "SYMMETRIC_DEFAULT",
            "deletion_date": null,
            "description": "Default key that protects my S3 objects when no other key is defined",
            "enabled": true,
            "expiration_model": "",
            "grant_tokens": null,
            "id": "c1f82d5b-bcfb-44a7-936d-e97feab6d698",
            "key_id": "alias/aws/s3",
            "key_manager": "AWS",
            "key_spec": "SYMMETRIC_DEFAULT",
            "key_state": "Enabled",
            "key_usage": "ENCRYPT_DECRYPT",
            "multi_region": false,
            "multi_region_configuration": [],
            "origin": "AWS_KMS",
            "pending_deletion_window_in_days": 0,
            "valid_to": null,
            "xks_key_configuration": []
          },
          "sensitive_attributes": []
        }
      ]
    },
    {
      "mode": "data",
      "type": "aws_kms_key",
      "name": "ssm",
      "provider": "provider[\"registry.terraform.io/hashicorp/aws\"]",
      "instances": [
        {
          "schema_version": 0,
          "attributes": {
            "arn": "arn:aws:kms:us-east-1:905418088230:key/3863ec05-5c93-4879-8652-d7f65deef4a2",
            "aws_account_id": "905418088230",
            "cloud_hsm_cluster_id": "",
            "creation_date": "2024-07-24T07:36:48Z",
            "custom_key_store_id": "",
            "customer_master_key_spec": "SYMMETRIC_DEFAULT",
            "deletion_date": null,
            "description": "Default key that protects my SSM parameters when no other key is defined",
            "enabled": true,
            "expiration_model": "",
            "grant_tokens": null,
            "id": "3863ec05-5c93-4879-8652-d7f65deef4a2",
            "key_id": "alias/aws/ssm",
            "key_manager": "AWS",
            "key_spec": "SYMMETRIC_DEFAULT",
            "key_state": "Enabled",
            "key_usage": "ENCRYPT_DECRYPT",
            "multi_region": false,
            "multi_region_configuration": [],
            "origin": "AWS_KMS",
            "pending_deletion_window_in_days": 0,
            "valid_to": null,
            "xks_key_configuration": []
          },
          "sensitive_attributes": []
        }
      ]
    },
    {
      "mode": "managed",
      "type": "aws_cloudwatch_event_rule",
      "name": "this",
      "provider": "provider[\"registry.terraform.io/hashicorp/aws\"]",
      "instances": [
        {
          "schema_version": 1,
          "attributes": {
            "arn": "arn:aws:events:us-east-1:905418088230:rule/nishkarsh-dev-ssm-parameter-store-backup-rule",
            "description": "To invoke the nishkarsh-dev-ssm-parameter-store-backup Lambda function once daily.",
            "event_bus_name": "default",
            "event_pattern": null,
            "force_destroy": false,
            "id": "nishkarsh-dev-ssm-parameter-store-backup-rule",
            "is_enabled": true,
            "name": "nishkarsh-dev-ssm-parameter-store-backup-rule",
            "name_prefix": "",
            "role_arn": "",
            "schedule_expression": "rate(1 day)",
            "state": "ENABLED",
            "tags": {},
            "tags_all": {
              "Project": "nishkarsh"
            }
          },
          "sensitive_attributes": [],
          "private": "eyJzY2hlbWFfdmVyc2lvbiI6IjEifQ=="
        }
      ]
    },
    {
      "mode": "managed",
      "type": "aws_cloudwatch_event_target",
      "name": "this",
      "provider": "provider[\"registry.terraform.io/hashicorp/aws\"]",
      "instances": [
        {
          "schema_version": 1,
          "attributes": {
            "arn": "arn:aws:lambda:us-east-1:905418088230:function:nishkarsh-dev-ssm-parameter-store-backup",
            "batch_target": [],
            "dead_letter_config": [],
            "ecs_target": [],
            "event_bus_name": "default",
            "force_destroy": false,
            "http_target": [],
            "id": "nishkarsh-dev-ssm-parameter-store-backup-rule-InvokeSSMLambda",
            "input": "",
            "input_path": "",
            "input_transformer": [],
            "kinesis_target": [],
            "redshift_target": [],
            "retry_policy": [],
            "role_arn": "",
            "rule": "nishkarsh-dev-ssm-parameter-store-backup-rule",
            "run_command_targets": [],
            "sagemaker_pipeline_target": [],
            "sqs_target": [],
            "target_id": "InvokeSSMLambda"
          },
          "sensitive_attributes": [],
          "private": "eyJzY2hlbWFfdmVyc2lvbiI6IjEifQ==",
          "dependencies": [
            "aws_cloudwatch_event_rule.this",
            "aws_iam_policy.this",
            "aws_iam_role.this",
            "aws_lambda_function.this",
            "data.archive_file.lambda",
            "data.aws_kms_key.s3",
            "data.aws_kms_key.ssm",
            "null_resource.local_package"
          ]
        }
      ]
    },
    {
      "mode": "managed",
      "type": "aws_iam_policy",
      "name": "this",
      "provider": "provider[\"registry.terraform.io/hashicorp/aws\"]",
      "instances": [
        {
          "schema_version": 0,
          "attributes": {
            "arn": "arn:aws:iam::905418088230:policy/nishkarsh-dev-ssm-parameter-store-backup-policy",
            "attachment_count": 1,
            "description": "",
            "id": "arn:aws:iam::905418088230:policy/nishkarsh-dev-ssm-parameter-store-backup-policy",
            "name": "nishkarsh-dev-ssm-parameter-store-backup-policy",
            "name_prefix": "",
            "path": "/",
            "policy": "{\"Statement\":[{\"Action\":[\"ssm:DescribeParameters\",\"ssm:GetParameterHistory\",\"ssm:GetParametersByPath\",\"ssm:GetParameters\",\"ssm:GetParameter\"],\"Effect\":\"Allow\",\"Resource\":\"*\"},{\"Action\":[\"logs:CreateLogGroup\",\"logs:CreateLogStream\",\"logs:PutLogEvents\"],\"Effect\":\"Allow\",\"Resource\":\"*\"},{\"Action\":[\"s3:ListAllMyBuckets\"],\"Effect\":\"Allow\",\"Resource\":\"arn:aws:s3:::*\"},{\"Action\":[\"s3:ListBucket\",\"s3:ListBucketMultipartUploads\",\"s3:GetBucketLocation\",\"s3:AbortMultipartUpload\",\"s3:GetObjectAcl\",\"s3:GetObjectVersion\",\"s3:DeleteObject\",\"s3:DeleteObjectVersion\",\"s3:GetObject\",\"s3:PutObjectAcl\",\"s3:PutObject\",\"s3:GetObjectVersionAcl\"],\"Effect\":\"Allow\",\"Resource\":[\"arn:aws:s3:::nishkarsh-dev-ssm-parameter-store-backups-bucket\",\"arn:aws:s3:::nishkarsh-dev-ssm-parameter-store-backups-bucket/*\"]},{\"Action\":[\"kms:Encrypt\",\"kms:Decrypt\",\"kms:GenerateDataKey\"],\"Effect\":\"Allow\",\"Resource\":[\"arn:aws:kms:us-east-1:905418088230:key/3863ec05-5c93-4879-8652-d7f65deef4a2\",\"arn:aws:kms:us-east-1:905418088230:key/c1f82d5b-bcfb-44a7-936d-e97feab6d698\"]}],\"Version\":\"2012-10-17\"}",
            "policy_id": "ANPA5FTY7T4TFPNYPEFQF",
            "tags": {},
            "tags_all": {
              "Project": "nishkarsh"
            }
          },
          "sensitive_attributes": [],
          "private": "bnVsbA==",
          "dependencies": [
            "data.aws_kms_key.s3",
            "data.aws_kms_key.ssm"
          ]
        }
      ]
    },
    {
      "mode": "managed",
      "type": "aws_iam_role",
      "name": "this",
      "provider": "provider[\"registry.terraform.io/hashicorp/aws\"]",
      "instances": [
        {
          "schema_version": 0,
          "attributes": {
            "arn": "arn:aws:iam::905418088230:role/nishkarsh-dev-ssm-parameter-store-backup-role",
            "assume_role_policy": "{\"Statement\":[{\"Action\":\"sts:AssumeRole\",\"Effect\":\"Allow\",\"Principal\":{\"Service\":\"lambda.amazonaws.com\"}}],\"Version\":\"2012-10-17\"}",
            "create_date": "2024-07-24T07:37:33Z",
            "description": "",
            "force_detach_policies": false,
            "id": "nishkarsh-dev-ssm-parameter-store-backup-role",
            "inline_policy": [],
            "managed_policy_arns": [
              "arn:aws:iam::905418088230:policy/nishkarsh-dev-ssm-parameter-store-backup-policy"
            ],
            "max_session_duration": 3600,
            "name": "nishkarsh-dev-ssm-parameter-store-backup-role",
            "name_prefix": "",
            "path": "/",
            "permissions_boundary": "",
            "tags": {},
            "tags_all": {
              "Project": "nishkarsh"
            },
            "unique_id": "AROA5FTY7T4TCNOUA5ANZ"
          },
          "sensitive_attributes": [],
          "private": "bnVsbA==",
          "dependencies": [
            "aws_iam_policy.this",
            "data.aws_kms_key.s3",
            "data.aws_kms_key.ssm"
          ]
        }
      ]
    },
    {
      "mode": "managed",
      "type": "aws_lambda_function",
      "name": "this",
      "provider": "provider[\"registry.terraform.io/hashicorp/aws\"]",
      "instances": [
        {
          "schema_version": 0,
          "attributes": {
            "architectures": [
              "x86_64"
            ],
            "arn": "arn:aws:lambda:us-east-1:905418088230:function:nishkarsh-dev-ssm-parameter-store-backup",
            "code_sha256": "mJoDsF9Fg54wKrIKwYXeL0U6rVk649JAB/eCgKPLitA=",
            "code_signing_config_arn": "",
            "dead_letter_config": [],
            "description": "To take backup in the `.json` format of all the parameters residing on AWS SSM Parameter Store and store it on an AWS S3 bucket.",
            "environment": [
              {
                "variables": {
                  "KMS_KEY_ARN": "arn:aws:kms:us-east-1:905418088230:key/c1f82d5b-bcfb-44a7-936d-e97feab6d698",
                  "S3_BUCKET": "nishkarsh-dev-ssm-parameter-store-backups-bucket"
                }
              }
            ],
            "ephemeral_storage": [
              {
                "size": 512
              }
            ],
            "file_system_config": [],
            "filename": "./ssm_backup.zip",
            "function_name": "nishkarsh-dev-ssm-parameter-store-backup",
            "handler": "ssm_backup.lambda_handler",
            "id": "nishkarsh-dev-ssm-parameter-store-backup",
            "image_config": [],
            "image_uri": "",
            "invoke_arn": "arn:aws:apigateway:us-east-1:lambda:path/2015-03-31/functions/arn:aws:lambda:us-east-1:905418088230:function:nishkarsh-dev-ssm-parameter-store-backup/invocations",
            "kms_key_arn": "",
            "last_modified": "2024-07-24T07:44:23.473+0000",
            "layers": null,
            "logging_config": [
              {
                "application_log_level": "",
                "log_format": "Text",
                "log_group": "/aws/lambda/nishkarsh-dev-ssm-parameter-store-backup",
                "system_log_level": ""
              }
            ],
            "memory_size": 128,
            "package_type": "Zip",
            "publish": false,
            "qualified_arn": "arn:aws:lambda:us-east-1:905418088230:function:nishkarsh-dev-ssm-parameter-store-backup:$LATEST",
            "qualified_invoke_arn": "arn:aws:apigateway:us-east-1:lambda:path/2015-03-31/functions/arn:aws:lambda:us-east-1:905418088230:function:nishkarsh-dev-ssm-parameter-store-backup:$LATEST/invocations",
            "replace_security_groups_on_destroy": null,
            "replacement_security_group_ids": null,
            "reserved_concurrent_executions": -1,
            "role": "arn:aws:iam::905418088230:role/nishkarsh-dev-ssm-parameter-store-backup-role",
            "runtime": "python3.9",
            "s3_bucket": null,
            "s3_key": null,
            "s3_object_version": null,
            "signing_job_arn": "",
            "signing_profile_version_arn": "",
            "skip_destroy": false,
            "snap_start": [],
            "source_code_hash": "mJoDsF9Fg54wKrIKwYXeL0U6rVk649JAB/eCgKPLitA=",
            "source_code_size": 14344837,
            "tags": null,
            "tags_all": {
              "Project": "nishkarsh"
            },
            "timeout": 120,
            "timeouts": null,
            "tracing_config": [
              {
                "mode": "PassThrough"
              }
            ],
            "version": "$LATEST",
            "vpc_config": []
          },
          "sensitive_attributes": [],
          "private": "eyJlMmJmYjczMC1lY2FhLTExZTYtOGY4OC0zNDM2M2JjN2M0YzAiOnsiY3JlYXRlIjo2MDAwMDAwMDAwMDAsImRlbGV0ZSI6NjAwMDAwMDAwMDAwLCJ1cGRhdGUiOjYwMDAwMDAwMDAwMH19",
          "dependencies": [
            "aws_iam_policy.this",
            "aws_iam_role.this",
            "data.archive_file.lambda",
            "data.aws_kms_key.s3",
            "data.aws_kms_key.ssm",
            "null_resource.local_package"
          ]
        }
      ]
    },
    {
      "mode": "managed",
      "type": "aws_lambda_permission",
      "name": "cloudwatch",
      "provider": "provider[\"registry.terraform.io/hashicorp/aws\"]",
      "instances": [
        {
          "schema_version": 0,
          "attributes": {
            "action": "lambda:InvokeFunction",
            "event_source_token": null,
            "function_name": "nishkarsh-dev-ssm-parameter-store-backup",
            "function_url_auth_type": null,
            "id": "AllowExecutionFromCloudWatch",
            "principal": "events.amazonaws.com",
            "principal_org_id": null,
            "qualifier": "",
            "source_account": null,
            "source_arn": "arn:aws:events:us-east-1:905418088230:rule/nishkarsh-dev-ssm-parameter-store-backup-rule",
            "statement_id": "AllowExecutionFromCloudWatch",
            "statement_id_prefix": ""
          },
          "sensitive_attributes": [],
          "private": "bnVsbA==",
          "dependencies": [
            "aws_cloudwatch_event_rule.this",
            "aws_iam_policy.this",
            "aws_iam_role.this",
            "aws_lambda_function.this",
            "data.archive_file.lambda",
            "data.aws_kms_key.s3",
            "data.aws_kms_key.ssm",
            "null_resource.local_package"
          ]
        }
      ]
    },
    {
      "mode": "managed",
      "type": "aws_s3_bucket",
      "name": "this",
      "provider": "provider[\"registry.terraform.io/hashicorp/aws\"]",
      "instances": [
        {
          "schema_version": 0,
          "attributes": {
            "acceleration_status": "",
            "acl": null,
            "arn": "arn:aws:s3:::nishkarsh-dev-ssm-parameter-store-backups-bucket",
            "bucket": "nishkarsh-dev-ssm-parameter-store-backups-bucket",
            "bucket_domain_name": "nishkarsh-dev-ssm-parameter-store-backups-bucket.s3.amazonaws.com",
            "bucket_prefix": "",
            "bucket_regional_domain_name": "nishkarsh-dev-ssm-parameter-store-backups-bucket.s3.us-east-1.amazonaws.com",
            "cors_rule": [],
            "force_destroy": false,
            "grant": [
              {
                "id": "43a2758c7c9160ed68156426a40566a437d53d36bdb633692d2ffdb70f3e50f3",
                "permissions": [
                  "FULL_CONTROL"
                ],
                "type": "CanonicalUser",
                "uri": ""
              }
            ],
            "hosted_zone_id": "Z3AQBSTGFYJSTF",
            "id": "nishkarsh-dev-ssm-parameter-store-backups-bucket",
            "lifecycle_rule": [
              {
                "abort_incomplete_multipart_upload_days": 0,
                "enabled": true,
                "expiration": [
                  {
                    "date": "",
                    "days": 365,
                    "expired_object_delete_marker": false
                  }
                ],
                "id": "backups",
                "noncurrent_version_expiration": [],
                "noncurrent_version_transition": [],
                "prefix": "backups/",
                "tags": {},
                "transition": [
                  {
                    "date": "",
                    "days": 180,
                    "storage_class": "DEEP_ARCHIVE"
                  },
                  {
                    "date": "",
                    "days": 90,
                    "storage_class": "GLACIER_IR"
                  }
                ]
              }
            ],
            "logging": [],
            "object_lock_configuration": [],
            "object_lock_enabled": false,
            "policy": "",
            "region": "us-east-1",
            "replication_configuration": [],
            "request_payer": "BucketOwner",
            "server_side_encryption_configuration": [
              {
                "rule": [
                  {
                    "apply_server_side_encryption_by_default": [
                      {
                        "kms_master_key_id": "arn:aws:kms:us-east-1:905418088230:key/c1f82d5b-bcfb-44a7-936d-e97feab6d698",
                        "sse_algorithm": "aws:kms"
                      }
                    ],
                    "bucket_key_enabled": false
                  }
                ]
              }
            ],
            "tags": {
              "Environment": "dev",
              "Name": "nishkarsh-dev-ssm-parameter-store-backups-bucket"
            },
            "tags_all": {
              "Environment": "dev",
              "Name": "nishkarsh-dev-ssm-parameter-store-backups-bucket",
              "Project": "nishkarsh"
            },
            "timeouts": null,
            "versioning": [
              {
                "enabled": false,
                "mfa_delete": false
              }
            ],
            "website": [],
            "website_domain": null,
            "website_endpoint": null
          },
          "sensitive_attributes": [],
          "private": "eyJlMmJmYjczMC1lY2FhLTExZTYtOGY4OC0zNDM2M2JjN2M0YzAiOnsiY3JlYXRlIjoxMjAwMDAwMDAwMDAwLCJkZWxldGUiOjM2MDAwMDAwMDAwMDAsInJlYWQiOjEyMDAwMDAwMDAwMDAsInVwZGF0ZSI6MTIwMDAwMDAwMDAwMH19"
        }
      ]
    },
    {
      "mode": "managed",
      "type": "aws_s3_bucket_lifecycle_configuration",
      "name": "this",
      "provider": "provider[\"registry.terraform.io/hashicorp/aws\"]",
      "instances": [
        {
          "schema_version": 0,
          "attributes": {
            "bucket": "nishkarsh-dev-ssm-parameter-store-backups-bucket",
            "expected_bucket_owner": "",
            "id": "nishkarsh-dev-ssm-parameter-store-backups-bucket",
            "rule": [
              {
                "abort_incomplete_multipart_upload": [],
                "expiration": [
                  {
                    "date": "",
                    "days": 365,
                    "expired_object_delete_marker": false
                  }
                ],
                "filter": [
                  {
                    "and": [],
                    "object_size_greater_than": "",
                    "object_size_less_than": "",
                    "prefix": "backups/",
                    "tag": []
                  }
                ],
                "id": "backups",
                "noncurrent_version_expiration": [],
                "noncurrent_version_transition": [],
                "prefix": "",
                "status": "Enabled",
                "transition": [
                  {
                    "date": "",
                    "days": 180,
                    "storage_class": "DEEP_ARCHIVE"
                  },
                  {
                    "date": "",
                    "days": 90,
                    "storage_class": "GLACIER_IR"
                  }
                ]
              }
            ],
            "timeouts": null
          },
          "sensitive_attributes": [],
          "private": "eyJlMmJmYjczMC1lY2FhLTExZTYtOGY4OC0zNDM2M2JjN2M0YzAiOnsiY3JlYXRlIjoxODAwMDAwMDAwMDAsInVwZGF0ZSI6MTgwMDAwMDAwMDAwfX0=",
          "dependencies": [
            "aws_s3_bucket.this"
          ]
        }
      ]
    },
    {
      "mode": "managed",
      "type": "aws_s3_bucket_server_side_encryption_configuration",
      "name": "this",
      "provider": "provider[\"registry.terraform.io/hashicorp/aws\"]",
      "instances": [
        {
          "schema_version": 0,
          "attributes": {
            "bucket": "nishkarsh-dev-ssm-parameter-store-backups-bucket",
            "expected_bucket_owner": "",
            "id": "nishkarsh-dev-ssm-parameter-store-backups-bucket",
            "rule": [
              {
                "apply_server_side_encryption_by_default": [
                  {
                    "kms_master_key_id": "arn:aws:kms:us-east-1:905418088230:key/c1f82d5b-bcfb-44a7-936d-e97feab6d698",
                    "sse_algorithm": "aws:kms"
                  }
                ],
                "bucket_key_enabled": false
              }
            ]
          },
          "sensitive_attributes": [],
          "private": "bnVsbA==",
          "dependencies": [
            "aws_s3_bucket.this",
            "data.aws_kms_key.s3"
          ]
        }
      ]
    },
    {
      "mode": "managed",
      "type": "null_resource",
      "name": "local_package",
      "provider": "provider[\"registry.terraform.io/hashicorp/null\"]",
      "instances": [
        {
          "schema_version": 0,
          "attributes": {
            "id": "1394278455",
            "triggers": {
              "always_run": "2024-07-24T07:43:57Z"
            }
          },
          "sensitive_attributes": []
        }
      ]
    }
  ],
  "check_results": null
}
